// !$*UTF8*$!
{
	archiveVersion = 1;
	classes = {
	};
	objectVersion = 56;
	objects = {

/* Begin PBXBuildFile section */
		2009671E2BE607B00067C751 /* TodoListScreen.swift in Sources */ = {isa = PBXBuildFile; fileRef = 2009671D2BE607B00067C751 /* TodoListScreen.swift */; };
		200967202BE609370067C751 /* MainFlowScreen.swift in Sources */ = {isa = PBXBuildFile; fileRef = 2009671F2BE609370067C751 /* MainFlowScreen.swift */; };
		200967222BE6099E0067C751 /* AuthFlowScreen.swift in Sources */ = {isa = PBXBuildFile; fileRef = 200967212BE6099E0067C751 /* AuthFlowScreen.swift */; };
		200967242BE60A3D0067C751 /* AppFlowScreen.swift in Sources */ = {isa = PBXBuildFile; fileRef = 200967232BE60A3D0067C751 /* AppFlowScreen.swift */; };
		200967262BE60AB60067C751 /* LoginScreen.swift in Sources */ = {isa = PBXBuildFile; fileRef = 200967252BE60AB60067C751 /* LoginScreen.swift */; };
		200967282BE60B530067C751 /* RegisterScreen.swift in Sources */ = {isa = PBXBuildFile; fileRef = 200967272BE60B530067C751 /* RegisterScreen.swift */; };
		2009672A2BE60CC40067C751 /* HistoryFlowScreen.swift in Sources */ = {isa = PBXBuildFile; fileRef = 200967292BE60CC40067C751 /* HistoryFlowScreen.swift */; };
		2009672C2BE60D4F0067C751 /* AuthFlowScreen.swift in Sources */ = {isa = PBXBuildFile; fileRef = 2009672B2BE60D4F0067C751 /* AuthFlowScreen.swift */; };
		2009672E2BE60E090067C751 /* DateListScreen.swift in Sources */ = {isa = PBXBuildFile; fileRef = 2009672D2BE60E090067C751 /* DateListScreen.swift */; };
		200967302BE6211B0067C751 /* NewTodoScreen.swift in Sources */ = {isa = PBXBuildFile; fileRef = 2009672F2BE6211B0067C751 /* NewTodoScreen.swift */; };
		200967502BE6ADF50067C751 /* LoremIpsum in Frameworks */ = {isa = PBXBuildFile; productRef = 2009674F2BE6ADF50067C751 /* LoremIpsum */; };
		20601EC22BE5123A002D4549 /* LazyTodoApp.swift in Sources */ = {isa = PBXBuildFile; fileRef = 20601EC12BE5123A002D4549 /* LazyTodoApp.swift */; };
		20601EC62BE5123C002D4549 /* Assets.xcassets in Resources */ = {isa = PBXBuildFile; fileRef = 20601EC52BE5123C002D4549 /* Assets.xcassets */; };
		20601EC92BE5123C002D4549 /* Preview Assets.xcassets in Resources */ = {isa = PBXBuildFile; fileRef = 20601EC82BE5123C002D4549 /* Preview Assets.xcassets */; };
		20601EDB2BE51D2C002D4549 /* TodayFlowScreen.swift in Sources */ = {isa = PBXBuildFile; fileRef = 20601EDA2BE51D2C002D4549 /* TodayFlowScreen.swift */; };
		20601EDE2BE51DEC002D4549 /* Todo.swift in Sources */ = {isa = PBXBuildFile; fileRef = 20601EDD2BE51DEC002D4549 /* Todo.swift */; };
		20601EE52BE52437002D4549 /* TodoDetailScreen.swift in Sources */ = {isa = PBXBuildFile; fileRef = 20601EE42BE52437002D4549 /* TodoDetailScreen.swift */; };
/* End PBXBuildFile section */

/* Begin PBXFileReference section */
		2009671D2BE607B00067C751 /* TodoListScreen.swift */ = {isa = PBXFileReference; lastKnownFileType = sourcecode.swift; path = TodoListScreen.swift; sourceTree = "<group>"; };
		2009671F2BE609370067C751 /* MainFlowScreen.swift */ = {isa = PBXFileReference; lastKnownFileType = sourcecode.swift; path = MainFlowScreen.swift; sourceTree = "<group>"; };
		200967212BE6099E0067C751 /* AuthFlowScreen.swift */ = {isa = PBXFileReference; lastKnownFileType = sourcecode.swift; path = AuthFlowScreen.swift; sourceTree = "<group>"; };
		200967232BE60A3D0067C751 /* AppFlowScreen.swift */ = {isa = PBXFileReference; lastKnownFileType = sourcecode.swift; path = AppFlowScreen.swift; sourceTree = "<group>"; };
		200967252BE60AB60067C751 /* LoginScreen.swift */ = {isa = PBXFileReference; lastKnownFileType = sourcecode.swift; path = LoginScreen.swift; sourceTree = "<group>"; };
		200967272BE60B530067C751 /* RegisterScreen.swift */ = {isa = PBXFileReference; lastKnownFileType = sourcecode.swift; path = RegisterScreen.swift; sourceTree = "<group>"; };
		200967292BE60CC40067C751 /* HistoryFlowScreen.swift */ = {isa = PBXFileReference; lastKnownFileType = sourcecode.swift; path = HistoryFlowScreen.swift; sourceTree = "<group>"; };
		2009672B2BE60D4F0067C751 /* AuthFlowScreen.swift */ = {isa = PBXFileReference; fileEncoding = 4; lastKnownFileType = sourcecode.swift; path = AuthFlowScreen.swift; sourceTree = "<group>"; };
		2009672D2BE60E090067C751 /* DateListScreen.swift */ = {isa = PBXFileReference; lastKnownFileType = sourcecode.swift; path = DateListScreen.swift; sourceTree = "<group>"; };
		2009672F2BE6211B0067C751 /* NewTodoScreen.swift */ = {isa = PBXFileReference; lastKnownFileType = sourcecode.swift; path = NewTodoScreen.swift; sourceTree = "<group>"; };
		20601EBE2BE5123A002D4549 /* LazyTodo.app */ = {isa = PBXFileReference; explicitFileType = wrapper.application; includeInIndex = 0; path = LazyTodo.app; sourceTree = BUILT_PRODUCTS_DIR; };
		20601EC12BE5123A002D4549 /* LazyTodoApp.swift */ = {isa = PBXFileReference; lastKnownFileType = sourcecode.swift; path = LazyTodoApp.swift; sourceTree = "<group>"; };
		20601EC52BE5123C002D4549 /* Assets.xcassets */ = {isa = PBXFileReference; lastKnownFileType = folder.assetcatalog; path = Assets.xcassets; sourceTree = "<group>"; };
		20601EC82BE5123C002D4549 /* Preview Assets.xcassets */ = {isa = PBXFileReference; lastKnownFileType = folder.assetcatalog; path = "Preview Assets.xcassets"; sourceTree = "<group>"; };
		20601EDA2BE51D2C002D4549 /* TodayFlowScreen.swift */ = {isa = PBXFileReference; lastKnownFileType = sourcecode.swift; path = TodayFlowScreen.swift; sourceTree = "<group>"; };
		20601EDD2BE51DEC002D4549 /* Todo.swift */ = {isa = PBXFileReference; lastKnownFileType = sourcecode.swift; path = Todo.swift; sourceTree = "<group>"; };
		20601EE42BE52437002D4549 /* TodoDetailScreen.swift */ = {isa = PBXFileReference; lastKnownFileType = sourcecode.swift; path = TodoDetailScreen.swift; sourceTree = "<group>"; };
/* End PBXFileReference section */

/* Begin PBXFrameworksBuildPhase section */
		20601EBB2BE5123A002D4549 /* Frameworks */ = {
			isa = PBXFrameworksBuildPhase;
			buildActionMask = 2147483647;
			files = (
				200967502BE6ADF50067C751 /* LoremIpsum in Frameworks */,
			);
			runOnlyForDeploymentPostprocessing = 0;
		};
/* End PBXFrameworksBuildPhase section */

/* Begin PBXGroup section */
		20601EB52BE5123A002D4549 = {
			isa = PBXGroup;
			children = (
				20601EC02BE5123A002D4549 /* LazyTodo */,
				20601EBF2BE5123A002D4549 /* Products */,
			);
			sourceTree = "<group>";
		};
		20601EBF2BE5123A002D4549 /* Products */ = {
			isa = PBXGroup;
			children = (
				20601EBE2BE5123A002D4549 /* LazyTodo.app */,
			);
			name = Products;
			sourceTree = "<group>";
		};
		20601EC02BE5123A002D4549 /* LazyTodo */ = {
			isa = PBXGroup;
			children = (
				20601EDF2BE51EC2002D4549 /* App */,
				20601EC12BE5123A002D4549 /* LazyTodoApp.swift */,
				20601EC52BE5123C002D4549 /* Assets.xcassets */,
				20601EC72BE5123C002D4549 /* Preview Content */,
			);
			path = LazyTodo;
			sourceTree = "<group>";
		};
		20601EC72BE5123C002D4549 /* Preview Content */ = {
			isa = PBXGroup;
			children = (
				20601EC82BE5123C002D4549 /* Preview Assets.xcassets */,
			);
			path = "Preview Content";
			sourceTree = "<group>";
		};
		20601ED32BE51467002D4549 /* Flow */ = {
			isa = PBXGroup;
			children = (
				200967232BE60A3D0067C751 /* AppFlowScreen.swift */,
				200967212BE6099E0067C751 /* AuthFlowScreen.swift */,
				2009672B2BE60D4F0067C751 /* AuthFlowScreen.swift */,
				200967292BE60CC40067C751 /* HistoryFlowScreen.swift */,
				2009671F2BE609370067C751 /* MainFlowScreen.swift */,
				20601EDA2BE51D2C002D4549 /* TodayFlowScreen.swift */,
			);
			path = Flow;
			sourceTree = "<group>";
		};
		20601EDC2BE51DD8002D4549 /* Entity */ = {
			isa = PBXGroup;
			children = (
				20601EDD2BE51DEC002D4549 /* Todo.swift */,
			);
			path = Entity;
			sourceTree = "<group>";
		};
		20601EDF2BE51EC2002D4549 /* App */ = {
			isa = PBXGroup;
			children = (
				20601EDC2BE51DD8002D4549 /* Entity */,
				20601EE12BE51EEE002D4549 /* Screens */,
			);
			path = App;
			sourceTree = "<group>";
		};
		20601EE02BE51EE6002D4549 /* Todo */ = {
			isa = PBXGroup;
			children = (
				20601ED32BE51467002D4549 /* Flow */,
				2009672D2BE60E090067C751 /* DateListScreen.swift */,
				200967252BE60AB60067C751 /* LoginScreen.swift */,
				2009672F2BE6211B0067C751 /* NewTodoScreen.swift */,
				200967272BE60B530067C751 /* RegisterScreen.swift */,
				20601EE42BE52437002D4549 /* TodoDetailScreen.swift */,
				2009671D2BE607B00067C751 /* TodoListScreen.swift */,
			);
			path = Todo;
			sourceTree = "<group>";
		};
		20601EE12BE51EEE002D4549 /* Screens */ = {
			isa = PBXGroup;
			children = (
				20601EE02BE51EE6002D4549 /* Todo */,
			);
			path = Screens;
			sourceTree = "<group>";
		};
/* End PBXGroup section */

/* Begin PBXNativeTarget section */
		20601EBD2BE5123A002D4549 /* LazyTodo */ = {
			isa = PBXNativeTarget;
			buildConfigurationList = 20601ECC2BE5123C002D4549 /* Build configuration list for PBXNativeTarget "LazyTodo" */;
			buildPhases = (
				20601EBA2BE5123A002D4549 /* Sources */,
				20601EBB2BE5123A002D4549 /* Frameworks */,
				20601EBC2BE5123A002D4549 /* Resources */,
			);
			buildRules = (
			);
			dependencies = (
			);
			name = LazyTodo;
			packageProductDependencies = (
				2009674F2BE6ADF50067C751 /* LoremIpsum */,
			);
			productName = LazyTodo;
			productReference = 20601EBE2BE5123A002D4549 /* LazyTodo.app */;
			productType = "com.apple.product-type.application";
		};
/* End PBXNativeTarget section */

/* Begin PBXProject section */
		20601EB62BE5123A002D4549 /* Project object */ = {
			isa = PBXProject;
			attributes = {
				BuildIndependentTargetsInParallel = 1;
				LastSwiftUpdateCheck = 1530;
				LastUpgradeCheck = 1530;
				TargetAttributes = {
					20601EBD2BE5123A002D4549 = {
						CreatedOnToolsVersion = 15.3;
					};
				};
			};
			buildConfigurationList = 20601EB92BE5123A002D4549 /* Build configuration list for PBXProject "LazyTodo" */;
			compatibilityVersion = "Xcode 14.0";
			developmentRegion = en;
			hasScannedForEncodings = 0;
			knownRegions = (
				en,
				Base,
			);
			mainGroup = 20601EB52BE5123A002D4549;
			packageReferences = (
				2009674E2BE6AD800067C751 /* XCRemoteSwiftPackageReference "LoremIpsum" */,
			);
			productRefGroup = 20601EBF2BE5123A002D4549 /* Products */;
			projectDirPath = "";
			projectRoot = "";
			targets = (
				20601EBD2BE5123A002D4549 /* LazyTodo */,
			);
		};
/* End PBXProject section */

/* Begin PBXResourcesBuildPhase section */
		20601EBC2BE5123A002D4549 /* Resources */ = {
			isa = PBXResourcesBuildPhase;
			buildActionMask = 2147483647;
			files = (
				20601EC92BE5123C002D4549 /* Preview Assets.xcassets in Resources */,
				20601EC62BE5123C002D4549 /* Assets.xcassets in Resources */,
			);
			runOnlyForDeploymentPostprocessing = 0;
		};
/* End PBXResourcesBuildPhase section */

/* Begin PBXSourcesBuildPhase section */
		20601EBA2BE5123A002D4549 /* Sources */ = {
			isa = PBXSourcesBuildPhase;
			buildActionMask = 2147483647;
			files = (
				2009672A2BE60CC40067C751 /* HistoryFlowScreen.swift in Sources */,
				20601EDB2BE51D2C002D4549 /* TodayFlowScreen.swift in Sources */,
				20601EE52BE52437002D4549 /* TodoDetailScreen.swift in Sources */,
				200967222BE6099E0067C751 /* AuthFlowScreen.swift in Sources */,
				200967202BE609370067C751 /* MainFlowScreen.swift in Sources */,
				200967242BE60A3D0067C751 /* AppFlowScreen.swift in Sources */,
				200967302BE6211B0067C751 /* NewTodoScreen.swift in Sources */,
				20601EDE2BE51DEC002D4549 /* Todo.swift in Sources */,
				20601EC22BE5123A002D4549 /* LazyTodoApp.swift in Sources */,
				200967282BE60B530067C751 /* RegisterScreen.swift in Sources */,
				2009672C2BE60D4F0067C751 /* AuthFlowScreen.swift in Sources */,
				200967262BE60AB60067C751 /* LoginScreen.swift in Sources */,
				2009672E2BE60E090067C751 /* DateListScreen.swift in Sources */,
				2009671E2BE607B00067C751 /* TodoListScreen.swift in Sources */,
			);
			runOnlyForDeploymentPostprocessing = 0;
		};
/* End PBXSourcesBuildPhase section */

/* Begin XCBuildConfiguration section */
		20601ECA2BE5123C002D4549 /* Debug */ = {
			isa = XCBuildConfiguration;
			buildSettings = {
				ALWAYS_SEARCH_USER_PATHS = NO;
				ASSETCATALOG_COMPILER_GENERATE_SWIFT_ASSET_SYMBOL_EXTENSIONS = YES;
				CLANG_ANALYZER_NONNULL = YES;
				CLANG_ANALYZER_NUMBER_OBJECT_CONVERSION = YES_AGGRESSIVE;
				CLANG_CXX_LANGUAGE_STANDARD = "gnu++20";
				CLANG_ENABLE_MODULES = YES;
				CLANG_ENABLE_OBJC_ARC = YES;
				CLANG_ENABLE_OBJC_WEAK = YES;
				CLANG_WARN_BLOCK_CAPTURE_AUTORELEASING = YES;
				CLANG_WARN_BOOL_CONVERSION = YES;
				CLANG_WARN_COMMA = YES;
				CLANG_WARN_CONSTANT_CONVERSION = YES;
				CLANG_WARN_DEPRECATED_OBJC_IMPLEMENTATIONS = YES;
				CLANG_WARN_DIRECT_OBJC_ISA_USAGE = YES_ERROR;
				CLANG_WARN_DOCUMENTATION_COMMENTS = YES;
				CLANG_WARN_EMPTY_BODY = YES;
				CLANG_WARN_ENUM_CONVERSION = YES;
				CLANG_WARN_INFINITE_RECURSION = YES;
				CLANG_WARN_INT_CONVERSION = YES;
				CLANG_WARN_NON_LITERAL_NULL_CONVERSION = YES;
				CLANG_WARN_OBJC_IMPLICIT_RETAIN_SELF = YES;
				CLANG_WARN_OBJC_LITERAL_CONVERSION = YES;
				CLANG_WARN_OBJC_ROOT_CLASS = YES_ERROR;
				CLANG_WARN_QUOTED_INCLUDE_IN_FRAMEWORK_HEADER = YES;
				CLANG_WARN_RANGE_LOOP_ANALYSIS = YES;
				CLANG_WARN_STRICT_PROTOTYPES = YES;
				CLANG_WARN_SUSPICIOUS_MOVE = YES;
				CLANG_WARN_UNGUARDED_AVAILABILITY = YES_AGGRESSIVE;
				CLANG_WARN_UNREACHABLE_CODE = YES;
				CLANG_WARN__DUPLICATE_METHOD_MATCH = YES;
				COPY_PHASE_STRIP = NO;
				DEBUG_INFORMATION_FORMAT = dwarf;
				ENABLE_STRICT_OBJC_MSGSEND = YES;
				ENABLE_TESTABILITY = YES;
				ENABLE_USER_SCRIPT_SANDBOXING = YES;
				GCC_C_LANGUAGE_STANDARD = gnu17;
				GCC_DYNAMIC_NO_PIC = NO;
				GCC_NO_COMMON_BLOCKS = YES;
				GCC_OPTIMIZATION_LEVEL = 0;
				GCC_PREPROCESSOR_DEFINITIONS = (
					"DEBUG=1",
					"$(inherited)",
				);
				GCC_WARN_64_TO_32_BIT_CONVERSION = YES;
				GCC_WARN_ABOUT_RETURN_TYPE = YES_ERROR;
				GCC_WARN_UNDECLARED_SELECTOR = YES;
				GCC_WARN_UNINITIALIZED_AUTOS = YES_AGGRESSIVE;
				GCC_WARN_UNUSED_FUNCTION = YES;
				GCC_WARN_UNUSED_VARIABLE = YES;
				IPHONEOS_DEPLOYMENT_TARGET = 17.4;
				LOCALIZATION_PREFERS_STRING_CATALOGS = YES;
				MTL_ENABLE_DEBUG_INFO = INCLUDE_SOURCE;
				MTL_FAST_MATH = YES;
				ONLY_ACTIVE_ARCH = YES;
				SDKROOT = iphoneos;
				SWIFT_ACTIVE_COMPILATION_CONDITIONS = "DEBUG $(inherited)";
				SWIFT_OPTIMIZATION_LEVEL = "-Onone";
			};
			name = Debug;
		};
		20601ECB2BE5123C002D4549 /* Release */ = {
			isa = XCBuildConfiguration;
			buildSettings = {
				ALWAYS_SEARCH_USER_PATHS = NO;
				ASSETCATALOG_COMPILER_GENERATE_SWIFT_ASSET_SYMBOL_EXTENSIONS = YES;
				CLANG_ANALYZER_NONNULL = YES;
				CLANG_ANALYZER_NUMBER_OBJECT_CONVERSION = YES_AGGRESSIVE;
				CLANG_CXX_LANGUAGE_STANDARD = "gnu++20";
				CLANG_ENABLE_MODULES = YES;
				CLANG_ENABLE_OBJC_ARC = YES;
				CLANG_ENABLE_OBJC_WEAK = YES;
				CLANG_WARN_BLOCK_CAPTURE_AUTORELEASING = YES;
				CLANG_WARN_BOOL_CONVERSION = YES;
				CLANG_WARN_COMMA = YES;
				CLANG_WARN_CONSTANT_CONVERSION = YES;
				CLANG_WARN_DEPRECATED_OBJC_IMPLEMENTATIONS = YES;
				CLANG_WARN_DIRECT_OBJC_ISA_USAGE = YES_ERROR;
				CLANG_WARN_DOCUMENTATION_COMMENTS = YES;
				CLANG_WARN_EMPTY_BODY = YES;
				CLANG_WARN_ENUM_CONVERSION = YES;
				CLANG_WARN_INFINITE_RECURSION = YES;
				CLANG_WARN_INT_CONVERSION = YES;
				CLANG_WARN_NON_LITERAL_NULL_CONVERSION = YES;
				CLANG_WARN_OBJC_IMPLICIT_RETAIN_SELF = YES;
				CLANG_WARN_OBJC_LITERAL_CONVERSION = YES;
				CLANG_WARN_OBJC_ROOT_CLASS = YES_ERROR;
				CLANG_WARN_QUOTED_INCLUDE_IN_FRAMEWORK_HEADER = YES;
				CLANG_WARN_RANGE_LOOP_ANALYSIS = YES;
				CLANG_WARN_STRICT_PROTOTYPES = YES;
				CLANG_WARN_SUSPICIOUS_MOVE = YES;
				CLANG_WARN_UNGUARDED_AVAILABILITY = YES_AGGRESSIVE;
				CLANG_WARN_UNREACHABLE_CODE = YES;
				CLANG_WARN__DUPLICATE_METHOD_MATCH = YES;
				COPY_PHASE_STRIP = NO;
				DEBUG_INFORMATION_FORMAT = "dwarf-with-dsym";
				ENABLE_NS_ASSERTIONS = NO;
				ENABLE_STRICT_OBJC_MSGSEND = YES;
				ENABLE_USER_SCRIPT_SANDBOXING = YES;
				GCC_C_LANGUAGE_STANDARD = gnu17;
				GCC_NO_COMMON_BLOCKS = YES;
				GCC_WARN_64_TO_32_BIT_CONVERSION = YES;
				GCC_WARN_ABOUT_RETURN_TYPE = YES_ERROR;
				GCC_WARN_UNDECLARED_SELECTOR = YES;
				GCC_WARN_UNINITIALIZED_AUTOS = YES_AGGRESSIVE;
				GCC_WARN_UNUSED_FUNCTION = YES;
				GCC_WARN_UNUSED_VARIABLE = YES;
				IPHONEOS_DEPLOYMENT_TARGET = 17.4;
				LOCALIZATION_PREFERS_STRING_CATALOGS = YES;
				MTL_ENABLE_DEBUG_INFO = NO;
				MTL_FAST_MATH = YES;
				SDKROOT = iphoneos;
				SWIFT_COMPILATION_MODE = wholemodule;
				VALIDATE_PRODUCT = YES;
			};
			name = Release;
		};
		20601ECD2BE5123C002D4549 /* Debug */ = {
			isa = XCBuildConfiguration;
			buildSettings = {
				ASSETCATALOG_COMPILER_APPICON_NAME = AppIcon;
				ASSETCATALOG_COMPILER_GLOBAL_ACCENT_COLOR_NAME = AccentColor;
				CODE_SIGN_STYLE = Automatic;
				CURRENT_PROJECT_VERSION = 1;
				DEVELOPMENT_ASSET_PATHS = "\"LazyTodo/Preview Content\"";
				DEVELOPMENT_TEAM = J67932R8V9;
				ENABLE_PREVIEWS = YES;
				GENERATE_INFOPLIST_FILE = YES;
				INFOPLIST_KEY_UIApplicationSceneManifest_Generation = YES;
				INFOPLIST_KEY_UIApplicationSupportsIndirectInputEvents = YES;
				INFOPLIST_KEY_UILaunchScreen_Generation = YES;
				INFOPLIST_KEY_UISupportedInterfaceOrientations_iPad = "UIInterfaceOrientationPortrait UIInterfaceOrientationPortraitUpsideDown UIInterfaceOrientationLandscapeLeft UIInterfaceOrientationLandscapeRight";
				INFOPLIST_KEY_UISupportedInterfaceOrientations_iPhone = "UIInterfaceOrientationPortrait UIInterfaceOrientationLandscapeLeft UIInterfaceOrientationLandscapeRight";
				IPHONEOS_DEPLOYMENT_TARGET = 17.0;
				LD_RUNPATH_SEARCH_PATHS = (
					"$(inherited)",
					"@executable_path/Frameworks",
				);
				MARKETING_VERSION = 1.0;
				PRODUCT_BUNDLE_IDENTIFIER = com.agnst.LazyTodo;
				PRODUCT_NAME = "$(TARGET_NAME)";
				SWIFT_EMIT_LOC_STRINGS = YES;
				SWIFT_VERSION = 5.0;
				TARGETED_DEVICE_FAMILY = "1,2";
			};
			name = Debug;
		};
		20601ECE2BE5123C002D4549 /* Release */ = {
			isa = XCBuildConfiguration;
			buildSettings = {
				ASSETCATALOG_COMPILER_APPICON_NAME = AppIcon;
				ASSETCATALOG_COMPILER_GLOBAL_ACCENT_COLOR_NAME = AccentColor;
				CODE_SIGN_STYLE = Automatic;
				CURRENT_PROJECT_VERSION = 1;
				DEVELOPMENT_ASSET_PATHS = "\"LazyTodo/Preview Content\"";
				DEVELOPMENT_TEAM = J67932R8V9;
				ENABLE_PREVIEWS = YES;
				GENERATE_INFOPLIST_FILE = YES;
				INFOPLIST_KEY_UIApplicationSceneManifest_Generation = YES;
				INFOPLIST_KEY_UIApplicationSupportsIndirectInputEvents = YES;
				INFOPLIST_KEY_UILaunchScreen_Generation = YES;
				INFOPLIST_KEY_UISupportedInterfaceOrientations_iPad = "UIInterfaceOrientationPortrait UIInterfaceOrientationPortraitUpsideDown UIInterfaceOrientationLandscapeLeft UIInterfaceOrientationLandscapeRight";
				INFOPLIST_KEY_UISupportedInterfaceOrientations_iPhone = "UIInterfaceOrientationPortrait UIInterfaceOrientationLandscapeLeft UIInterfaceOrientationLandscapeRight";
				IPHONEOS_DEPLOYMENT_TARGET = 17.0;
				LD_RUNPATH_SEARCH_PATHS = (
					"$(inherited)",
					"@executable_path/Frameworks",
				);
				MARKETING_VERSION = 1.0;
				PRODUCT_BUNDLE_IDENTIFIER = com.agnst.LazyTodo;
				PRODUCT_NAME = "$(TARGET_NAME)";
				SWIFT_EMIT_LOC_STRINGS = YES;
				SWIFT_VERSION = 5.0;
				TARGETED_DEVICE_FAMILY = "1,2";
			};
			name = Release;
		};
/* End XCBuildConfiguration section */

/* Begin XCConfigurationList section */
		20601EB92BE5123A002D4549 /* Build configuration list for PBXProject "LazyTodo" */ = {
			isa = XCConfigurationList;
			buildConfigurations = (
				20601ECA2BE5123C002D4549 /* Debug */,
				20601ECB2BE5123C002D4549 /* Release */,
			);
			defaultConfigurationIsVisible = 0;
			defaultConfigurationName = Release;
		};
		20601ECC2BE5123C002D4549 /* Build configuration list for PBXNativeTarget "LazyTodo" */ = {
			isa = XCConfigurationList;
			buildConfigurations = (
				20601ECD2BE5123C002D4549 /* Debug */,
				20601ECE2BE5123C002D4549 /* Release */,
			);
			defaultConfigurationIsVisible = 0;
			defaultConfigurationName = Release;
		};
/* End XCConfigurationList section */

/* Begin XCRemoteSwiftPackageReference section */
		2009674E2BE6AD800067C751 /* XCRemoteSwiftPackageReference "LoremIpsum" */ = {
			isa = XCRemoteSwiftPackageReference;
			repositoryURL = "https://github.com/lukaskubanek/LoremIpsum";
			requirement = {
				branch = master;
				kind = branch;
			};
		};
/* End XCRemoteSwiftPackageReference section */

/* Begin XCSwiftPackageProductDependency section */
		2009674F2BE6ADF50067C751 /* LoremIpsum */ = {
			isa = XCSwiftPackageProductDependency;
			package = 2009674E2BE6AD800067C751 /* XCRemoteSwiftPackageReference "LoremIpsum" */;
			productName = LoremIpsum;
		};
/* End XCSwiftPackageProductDependency section */
	};
	rootObject = 20601EB62BE5123A002D4549 /* Project object */;
}
